// !$*UTF8*$!
{
	archiveVersion = 1;
	classes = {
	};
	objectVersion = 55;
	objects = {

/* Begin PBXBuildFile section */
		63468DC0283CDDFB0096EF74 /* PaddingLabel.swift in Sources */ = {isa = PBXBuildFile; fileRef = 63468DBF283CDDFB0096EF74 /* PaddingLabel.swift */; };
		63468DC3283CECF30096EF74 /* SingleMovieView.swift in Sources */ = {isa = PBXBuildFile; fileRef = 63468DC2283CECF30096EF74 /* SingleMovieView.swift */; };
		63468DC5283CF2870096EF74 /* MovieDetailView.swift in Sources */ = {isa = PBXBuildFile; fileRef = 63468DC4283CF2870096EF74 /* MovieDetailView.swift */; };
		63468DC7283CF4C00096EF74 /* MyButton.swift in Sources */ = {isa = PBXBuildFile; fileRef = 63468DC6283CF4C00096EF74 /* MyButton.swift */; };
		63468DC9283CF52E0096EF74 /* LineRatingView.swift in Sources */ = {isa = PBXBuildFile; fileRef = 63468DC8283CF52E0096EF74 /* LineRatingView.swift */; };
		63468DCC283CF6C30096EF74 /* ColorExt.swift in Sources */ = {isa = PBXBuildFile; fileRef = 63468DCB283CF6C30096EF74 /* ColorExt.swift */; };
		63468DCE283CFA230096EF74 /* ActorDetailView.swift in Sources */ = {isa = PBXBuildFile; fileRef = 63468DCD283CFA230096EF74 /* ActorDetailView.swift */; };
		63468DD1283CFD840096EF74 /* MovieListView.swift in Sources */ = {isa = PBXBuildFile; fileRef = 63468DD0283CFD840096EF74 /* MovieListView.swift */; };
		63468DD3283CFDC30096EF74 /* MovieListRow.swift in Sources */ = {isa = PBXBuildFile; fileRef = 63468DD2283CFDC30096EF74 /* MovieListRow.swift */; };
		63468DD5283CFFD00096EF74 /* ActorListView.swift in Sources */ = {isa = PBXBuildFile; fileRef = 63468DD4283CFFD00096EF74 /* ActorListView.swift */; };
		63468DD7283CFFE80096EF74 /* ActorListRow.swift in Sources */ = {isa = PBXBuildFile; fileRef = 63468DD6283CFFE80096EF74 /* ActorListRow.swift */; };
		63828655283CBCD1009F920B /* MoviesAppApp.swift in Sources */ = {isa = PBXBuildFile; fileRef = 63828654283CBCD1009F920B /* MoviesAppApp.swift */; };
		63828657283CBCD1009F920B /* ContentView.swift in Sources */ = {isa = PBXBuildFile; fileRef = 63828656283CBCD1009F920B /* ContentView.swift */; };
		63828659283CBCD3009F920B /* Assets.xcassets in Resources */ = {isa = PBXBuildFile; fileRef = 63828658283CBCD3009F920B /* Assets.xcassets */; };
		6382865C283CBCD3009F920B /* Preview Assets.xcassets in Resources */ = {isa = PBXBuildFile; fileRef = 6382865B283CBCD3009F920B /* Preview Assets.xcassets */; };
		63828664283CBD18009F920B /* MovieBundle.swift in Sources */ = {isa = PBXBuildFile; fileRef = 63828663283CBD18009F920B /* MovieBundle.swift */; };
		63828667283CBE80009F920B /* MoviesViewModel.swift in Sources */ = {isa = PBXBuildFile; fileRef = 63828666283CBE80009F920B /* MoviesViewModel.swift */; };
		6382866A283CC094009F920B /* MovieCollectionView.swift in Sources */ = {isa = PBXBuildFile; fileRef = 63828669283CC094009F920B /* MovieCollectionView.swift */; };
		6382866E283CC35C009F920B /* UIViewLayoutExtensions.swift in Sources */ = {isa = PBXBuildFile; fileRef = 6382866D283CC35C009F920B /* UIViewLayoutExtensions.swift */; };
		63828671283CC41F009F920B /* TrendingCell.swift in Sources */ = {isa = PBXBuildFile; fileRef = 63828670283CC41F009F920B /* TrendingCell.swift */; };
		63828675283CC8CF009F920B /* PopularCell.swift in Sources */ = {isa = PBXBuildFile; fileRef = 63828674283CC8CF009F920B /* PopularCell.swift */; };
		63828677283CC969009F920B /* UpcomingCell.swift in Sources */ = {isa = PBXBuildFile; fileRef = 63828676283CC969009F920B /* UpcomingCell.swift */; };
		63828679283CCBF7009F920B /* HeaderView.swift in Sources */ = {isa = PBXBuildFile; fileRef = 63828678283CCBF7009F920B /* HeaderView.swift */; };
		6382867C283CD736009F920B /* data.json in Resources */ = {isa = PBXBuildFile; fileRef = 6382867B283CD736009F920B /* data.json */; };
/* End PBXBuildFile section */

/* Begin PBXFileReference section */
		63468DBF283CDDFB0096EF74 /* PaddingLabel.swift */ = {isa = PBXFileReference; lastKnownFileType = sourcecode.swift; path = PaddingLabel.swift; sourceTree = "<group>"; };
		63468DC2283CECF30096EF74 /* SingleMovieView.swift */ = {isa = PBXFileReference; lastKnownFileType = sourcecode.swift; path = SingleMovieView.swift; sourceTree = "<group>"; };
		63468DC4283CF2870096EF74 /* MovieDetailView.swift */ = {isa = PBXFileReference; lastKnownFileType = sourcecode.swift; path = MovieDetailView.swift; sourceTree = "<group>"; };
		63468DC6283CF4C00096EF74 /* MyButton.swift */ = {isa = PBXFileReference; lastKnownFileType = sourcecode.swift; path = MyButton.swift; sourceTree = "<group>"; };
		63468DC8283CF52E0096EF74 /* LineRatingView.swift */ = {isa = PBXFileReference; lastKnownFileType = sourcecode.swift; path = LineRatingView.swift; sourceTree = "<group>"; };
		63468DCB283CF6C30096EF74 /* ColorExt.swift */ = {isa = PBXFileReference; lastKnownFileType = sourcecode.swift; path = ColorExt.swift; sourceTree = "<group>"; };
		63468DCD283CFA230096EF74 /* ActorDetailView.swift */ = {isa = PBXFileReference; lastKnownFileType = sourcecode.swift; path = ActorDetailView.swift; sourceTree = "<group>"; };
		63468DD0283CFD840096EF74 /* MovieListView.swift */ = {isa = PBXFileReference; lastKnownFileType = sourcecode.swift; path = MovieListView.swift; sourceTree = "<group>"; };
		63468DD2283CFDC30096EF74 /* MovieListRow.swift */ = {isa = PBXFileReference; lastKnownFileType = sourcecode.swift; path = MovieListRow.swift; sourceTree = "<group>"; };
		63468DD4283CFFD00096EF74 /* ActorListView.swift */ = {isa = PBXFileReference; lastKnownFileType = sourcecode.swift; path = ActorListView.swift; sourceTree = "<group>"; };
		63468DD6283CFFE80096EF74 /* ActorListRow.swift */ = {isa = PBXFileReference; lastKnownFileType = sourcecode.swift; path = ActorListRow.swift; sourceTree = "<group>"; };
		63828651283CBCD1009F920B /* MoviesApp.app */ = {isa = PBXFileReference; explicitFileType = wrapper.application; includeInIndex = 0; path = MoviesApp.app; sourceTree = BUILT_PRODUCTS_DIR; };
		63828654283CBCD1009F920B /* MoviesAppApp.swift */ = {isa = PBXFileReference; lastKnownFileType = sourcecode.swift; path = MoviesAppApp.swift; sourceTree = "<group>"; };
		63828656283CBCD1009F920B /* ContentView.swift */ = {isa = PBXFileReference; lastKnownFileType = sourcecode.swift; path = ContentView.swift; sourceTree = "<group>"; };
		63828658283CBCD3009F920B /* Assets.xcassets */ = {isa = PBXFileReference; lastKnownFileType = folder.assetcatalog; path = Assets.xcassets; sourceTree = "<group>"; };
		6382865B283CBCD3009F920B /* Preview Assets.xcassets */ = {isa = PBXFileReference; lastKnownFileType = folder.assetcatalog; path = "Preview Assets.xcassets"; sourceTree = "<group>"; };
		63828663283CBD18009F920B /* MovieBundle.swift */ = {isa = PBXFileReference; lastKnownFileType = sourcecode.swift; path = MovieBundle.swift; sourceTree = "<group>"; };
		63828666283CBE80009F920B /* MoviesViewModel.swift */ = {isa = PBXFileReference; lastKnownFileType = sourcecode.swift; path = MoviesViewModel.swift; sourceTree = "<group>"; };
		63828669283CC094009F920B /* MovieCollectionView.swift */ = {isa = PBXFileReference; lastKnownFileType = sourcecode.swift; path = MovieCollectionView.swift; sourceTree = "<group>"; };
		6382866D283CC35C009F920B /* UIViewLayoutExtensions.swift */ = {isa = PBXFileReference; fileEncoding = 4; lastKnownFileType = sourcecode.swift; path = UIViewLayoutExtensions.swift; sourceTree = "<group>"; };
		63828670283CC41F009F920B /* TrendingCell.swift */ = {isa = PBXFileReference; lastKnownFileType = sourcecode.swift; path = TrendingCell.swift; sourceTree = "<group>"; };
		63828674283CC8CF009F920B /* PopularCell.swift */ = {isa = PBXFileReference; lastKnownFileType = sourcecode.swift; path = PopularCell.swift; sourceTree = "<group>"; };
		63828676283CC969009F920B /* UpcomingCell.swift */ = {isa = PBXFileReference; lastKnownFileType = sourcecode.swift; path = UpcomingCell.swift; sourceTree = "<group>"; };
		63828678283CCBF7009F920B /* HeaderView.swift */ = {isa = PBXFileReference; lastKnownFileType = sourcecode.swift; path = HeaderView.swift; sourceTree = "<group>"; };
		6382867B283CD736009F920B /* data.json */ = {isa = PBXFileReference; fileEncoding = 4; lastKnownFileType = text.json; path = data.json; sourceTree = "<group>"; };
/* End PBXFileReference section */

/* Begin PBXFrameworksBuildPhase section */
		6382864E283CBCD1009F920B /* Frameworks */ = {
			isa = PBXFrameworksBuildPhase;
			buildActionMask = 2147483647;
			files = (
			);
			runOnlyForDeploymentPostprocessing = 0;
		};
/* End PBXFrameworksBuildPhase section */

/* Begin PBXGroup section */
		63468DC1283CECDE0096EF74 /* Views */ = {
			isa = PBXGroup;
			children = (
				63468DC2283CECF30096EF74 /* SingleMovieView.swift */,
				63468DC4283CF2870096EF74 /* MovieDetailView.swift */,
				63468DC6283CF4C00096EF74 /* MyButton.swift */,
				63468DC8283CF52E0096EF74 /* LineRatingView.swift */,
				63468DCD283CFA230096EF74 /* ActorDetailView.swift */,
				63468DD0283CFD840096EF74 /* MovieListView.swift */,
				63468DD2283CFDC30096EF74 /* MovieListRow.swift */,
				63468DD4283CFFD00096EF74 /* ActorListView.swift */,
				63468DD6283CFFE80096EF74 /* ActorListRow.swift */,
			);
			path = Views;
			sourceTree = "<group>";
		};
		63828648283CBCD1009F920B = {
			isa = PBXGroup;
			children = (
				63828653283CBCD1009F920B /* MoviesApp */,
				63828652283CBCD1009F920B /* Products */,
			);
			sourceTree = "<group>";
		};
		63828652283CBCD1009F920B /* Products */ = {
			isa = PBXGroup;
			children = (
				63828651283CBCD1009F920B /* MoviesApp.app */,
			);
			name = Products;
			sourceTree = "<group>";
		};
		63828653283CBCD1009F920B /* MoviesApp */ = {
			isa = PBXGroup;
			children = (
				63468DC1283CECDE0096EF74 /* Views */,
				6382867A283CD736009F920B /* Data */,
				63828668283CC088009F920B /* UIKit */,
				63828665283CBE5E009F920B /* ViewModel */,
				63828662283CBD02009F920B /* Models */,
				63828654283CBCD1009F920B /* MoviesAppApp.swift */,
				63828656283CBCD1009F920B /* ContentView.swift */,
				63828658283CBCD3009F920B /* Assets.xcassets */,
				6382865A283CBCD3009F920B /* Preview Content */,
				63468DCB283CF6C30096EF74 /* ColorExt.swift */,
			);
			path = MoviesApp;
			sourceTree = "<group>";
		};
		6382865A283CBCD3009F920B /* Preview Content */ = {
			isa = PBXGroup;
			children = (
				6382865B283CBCD3009F920B /* Preview Assets.xcassets */,
			);
			path = "Preview Content";
			sourceTree = "<group>";
		};
		63828662283CBD02009F920B /* Models */ = {
			isa = PBXGroup;
			children = (
				63828663283CBD18009F920B /* MovieBundle.swift */,
			);
			path = Models;
			sourceTree = "<group>";
		};
		63828665283CBE5E009F920B /* ViewModel */ = {
			isa = PBXGroup;
			children = (
				63828666283CBE80009F920B /* MoviesViewModel.swift */,
			);
			path = ViewModel;
			sourceTree = "<group>";
		};
		63828668283CC088009F920B /* UIKit */ = {
			isa = PBXGroup;
			children = (
				63828669283CC094009F920B /* MovieCollectionView.swift */,
				6382866C283CC32C009F920B /* Extensions */,
				6382866F283CC3FB009F920B /* Cells */,
			);
			path = UIKit;
			sourceTree = "<group>";
		};
		6382866C283CC32C009F920B /* Extensions */ = {
			isa = PBXGroup;
			children = (
				6382866D283CC35C009F920B /* UIViewLayoutExtensions.swift */,
				63468DBF283CDDFB0096EF74 /* PaddingLabel.swift */,
			);
			path = Extensions;
			sourceTree = "<group>";
		};
		6382866F283CC3FB009F920B /* Cells */ = {
			isa = PBXGroup;
			children = (
				63828670283CC41F009F920B /* TrendingCell.swift */,
				63828674283CC8CF009F920B /* PopularCell.swift */,
				63828676283CC969009F920B /* UpcomingCell.swift */,
				63828678283CCBF7009F920B /* HeaderView.swift */,
			);
			path = Cells;
			sourceTree = "<group>";
		};
		6382867A283CD736009F920B /* Data */ = {
			isa = PBXGroup;
			children = (
				6382867B283CD736009F920B /* data.json */,
			);
			path = Data;
			sourceTree = "<group>";
		};
/* End PBXGroup section */

/* Begin PBXNativeTarget section */
		63828650283CBCD1009F920B /* MoviesApp */ = {
			isa = PBXNativeTarget;
			buildConfigurationList = 6382865F283CBCD3009F920B /* Build configuration list for PBXNativeTarget "MoviesApp" */;
			buildPhases = (
				6382864D283CBCD1009F920B /* Sources */,
				6382864E283CBCD1009F920B /* Frameworks */,
				6382864F283CBCD1009F920B /* Resources */,
			);
			buildRules = (
			);
			dependencies = (
			);
			name = MoviesApp;
			productName = MoviesApp;
			productReference = 63828651283CBCD1009F920B /* MoviesApp.app */;
			productType = "com.apple.product-type.application";
		};
/* End PBXNativeTarget section */

/* Begin PBXProject section */
		63828649283CBCD1009F920B /* Project object */ = {
			isa = PBXProject;
			attributes = {
				BuildIndependentTargetsInParallel = 1;
				LastSwiftUpdateCheck = 1340;
				LastUpgradeCheck = 1340;
				TargetAttributes = {
					63828650283CBCD1009F920B = {
						CreatedOnToolsVersion = 13.4;
					};
				};
			};
			buildConfigurationList = 6382864C283CBCD1009F920B /* Build configuration list for PBXProject "MoviesApp" */;
			compatibilityVersion = "Xcode 13.0";
			developmentRegion = en;
			hasScannedForEncodings = 0;
			knownRegions = (
				en,
				Base,
			);
			mainGroup = 63828648283CBCD1009F920B;
			productRefGroup = 63828652283CBCD1009F920B /* Products */;
			projectDirPath = "";
			projectRoot = "";
			targets = (
				63828650283CBCD1009F920B /* MoviesApp */,
			);
		};
/* End PBXProject section */

/* Begin PBXResourcesBuildPhase section */
		6382864F283CBCD1009F920B /* Resources */ = {
			isa = PBXResourcesBuildPhase;
			buildActionMask = 2147483647;
			files = (
				6382865C283CBCD3009F920B /* Preview Assets.xcassets in Resources */,
				6382867C283CD736009F920B /* data.json in Resources */,
				63828659283CBCD3009F920B /* Assets.xcassets in Resources */,
			);
			runOnlyForDeploymentPostprocessing = 0;
		};
/* End PBXResourcesBuildPhase section */

/* Begin PBXSourcesBuildPhase section */
		6382864D283CBCD1009F920B /* Sources */ = {
			isa = PBXSourcesBuildPhase;
			buildActionMask = 2147483647;
			files = (
				63828671283CC41F009F920B /* TrendingCell.swift in Sources */,
				63468DC7283CF4C00096EF74 /* MyButton.swift in Sources */,
				63468DD5283CFFD00096EF74 /* ActorListView.swift in Sources */,
				6382866E283CC35C009F920B /* UIViewLayoutExtensions.swift in Sources */,
				63828657283CBCD1009F920B /* ContentView.swift in Sources */,
				63828664283CBD18009F920B /* MovieBundle.swift in Sources */,
				63828655283CBCD1009F920B /* MoviesAppApp.swift in Sources */,
				63828679283CCBF7009F920B /* HeaderView.swift in Sources */,
				6382866A283CC094009F920B /* MovieCollectionView.swift in Sources */,
				63468DC9283CF52E0096EF74 /* LineRatingView.swift in Sources */,
				63468DD3283CFDC30096EF74 /* MovieListRow.swift in Sources */,
				63468DCC283CF6C30096EF74 /* ColorExt.swift in Sources */,
				63468DC5283CF2870096EF74 /* MovieDetailView.swift in Sources */,
				63468DD1283CFD840096EF74 /* MovieListView.swift in Sources */,
				63828667283CBE80009F920B /* MoviesViewModel.swift in Sources */,
				63828677283CC969009F920B /* UpcomingCell.swift in Sources */,
				63828675283CC8CF009F920B /* PopularCell.swift in Sources */,
				63468DC0283CDDFB0096EF74 /* PaddingLabel.swift in Sources */,
				63468DC3283CECF30096EF74 /* SingleMovieView.swift in Sources */,
				63468DD7283CFFE80096EF74 /* ActorListRow.swift in Sources */,
				63468DCE283CFA230096EF74 /* ActorDetailView.swift in Sources */,
			);
			runOnlyForDeploymentPostprocessing = 0;
		};
/* End PBXSourcesBuildPhase section */

/* Begin XCBuildConfiguration section */
		6382865D283CBCD3009F920B /* Debug */ = {
			isa = XCBuildConfiguration;
			buildSettings = {
				ALWAYS_SEARCH_USER_PATHS = NO;
				CLANG_ANALYZER_NONNULL = YES;
				CLANG_ANALYZER_NUMBER_OBJECT_CONVERSION = YES_AGGRESSIVE;
				CLANG_CXX_LANGUAGE_STANDARD = "gnu++17";
				CLANG_ENABLE_MODULES = YES;
				CLANG_ENABLE_OBJC_ARC = YES;
				CLANG_ENABLE_OBJC_WEAK = YES;
				CLANG_WARN_BLOCK_CAPTURE_AUTORELEASING = YES;
				CLANG_WARN_BOOL_CONVERSION = YES;
				CLANG_WARN_COMMA = YES;
				CLANG_WARN_CONSTANT_CONVERSION = YES;
				CLANG_WARN_DEPRECATED_OBJC_IMPLEMENTATIONS = YES;
				CLANG_WARN_DIRECT_OBJC_ISA_USAGE = YES_ERROR;
				CLANG_WARN_DOCUMENTATION_COMMENTS = YES;
				CLANG_WARN_EMPTY_BODY = YES;
				CLANG_WARN_ENUM_CONVERSION = YES;
				CLANG_WARN_INFINITE_RECURSION = YES;
				CLANG_WARN_INT_CONVERSION = YES;
				CLANG_WARN_NON_LITERAL_NULL_CONVERSION = YES;
				CLANG_WARN_OBJC_IMPLICIT_RETAIN_SELF = YES;
				CLANG_WARN_OBJC_LITERAL_CONVERSION = YES;
				CLANG_WARN_OBJC_ROOT_CLASS = YES_ERROR;
				CLANG_WARN_QUOTED_INCLUDE_IN_FRAMEWORK_HEADER = YES;
				CLANG_WARN_RANGE_LOOP_ANALYSIS = YES;
				CLANG_WARN_STRICT_PROTOTYPES = YES;
				CLANG_WARN_SUSPICIOUS_MOVE = YES;
				CLANG_WARN_UNGUARDED_AVAILABILITY = YES_AGGRESSIVE;
				CLANG_WARN_UNREACHABLE_CODE = YES;
				CLANG_WARN__DUPLICATE_METHOD_MATCH = YES;
				COPY_PHASE_STRIP = NO;
				DEBUG_INFORMATION_FORMAT = dwarf;
				ENABLE_STRICT_OBJC_MSGSEND = YES;
				ENABLE_TESTABILITY = YES;
				GCC_C_LANGUAGE_STANDARD = gnu11;
				GCC_DYNAMIC_NO_PIC = NO;
				GCC_NO_COMMON_BLOCKS = YES;
				GCC_OPTIMIZATION_LEVEL = 0;
				GCC_PREPROCESSOR_DEFINITIONS = (
					"DEBUG=1",
					"$(inherited)",
				);
				GCC_WARN_64_TO_32_BIT_CONVERSION = YES;
				GCC_WARN_ABOUT_RETURN_TYPE = YES_ERROR;
				GCC_WARN_UNDECLARED_SELECTOR = YES;
				GCC_WARN_UNINITIALIZED_AUTOS = YES_AGGRESSIVE;
				GCC_WARN_UNUSED_FUNCTION = YES;
				GCC_WARN_UNUSED_VARIABLE = YES;
				IPHONEOS_DEPLOYMENT_TARGET = 15.5;
				MTL_ENABLE_DEBUG_INFO = INCLUDE_SOURCE;
				MTL_FAST_MATH = YES;
				ONLY_ACTIVE_ARCH = YES;
				SDKROOT = iphoneos;
				SWIFT_ACTIVE_COMPILATION_CONDITIONS = DEBUG;
				SWIFT_OPTIMIZATION_LEVEL = "-Onone";
			};
			name = Debug;
		};
		6382865E283CBCD3009F920B /* Release */ = {
			isa = XCBuildConfiguration;
			buildSettings = {
				ALWAYS_SEARCH_USER_PATHS = NO;
				CLANG_ANALYZER_NONNULL = YES;
				CLANG_ANALYZER_NUMBER_OBJECT_CONVERSION = YES_AGGRESSIVE;
				CLANG_CXX_LANGUAGE_STANDARD = "gnu++17";
				CLANG_ENABLE_MODULES = YES;
				CLANG_ENABLE_OBJC_ARC = YES;
				CLANG_ENABLE_OBJC_WEAK = YES;
				CLANG_WARN_BLOCK_CAPTURE_AUTORELEASING = YES;
				CLANG_WARN_BOOL_CONVERSION = YES;
				CLANG_WARN_COMMA = YES;
				CLANG_WARN_CONSTANT_CONVERSION = YES;
				CLANG_WARN_DEPRECATED_OBJC_IMPLEMENTATIONS = YES;
				CLANG_WARN_DIRECT_OBJC_ISA_USAGE = YES_ERROR;
				CLANG_WARN_DOCUMENTATION_COMMENTS = YES;
				CLANG_WARN_EMPTY_BODY = YES;
				CLANG_WARN_ENUM_CONVERSION = YES;
				CLANG_WARN_INFINITE_RECURSION = YES;
				CLANG_WARN_INT_CONVERSION = YES;
				CLANG_WARN_NON_LITERAL_NULL_CONVERSION = YES;
				CLANG_WARN_OBJC_IMPLICIT_RETAIN_SELF = YES;
				CLANG_WARN_OBJC_LITERAL_CONVERSION = YES;
				CLANG_WARN_OBJC_ROOT_CLASS = YES_ERROR;
				CLANG_WARN_QUOTED_INCLUDE_IN_FRAMEWORK_HEADER = YES;
				CLANG_WARN_RANGE_LOOP_ANALYSIS = YES;
				CLANG_WARN_STRICT_PROTOTYPES = YES;
				CLANG_WARN_SUSPICIOUS_MOVE = YES;
				CLANG_WARN_UNGUARDED_AVAILABILITY = YES_AGGRESSIVE;
				CLANG_WARN_UNREACHABLE_CODE = YES;
				CLANG_WARN__DUPLICATE_METHOD_MATCH = YES;
				COPY_PHASE_STRIP = NO;
				DEBUG_INFORMATION_FORMAT = "dwarf-with-dsym";
				ENABLE_NS_ASSERTIONS = NO;
				ENABLE_STRICT_OBJC_MSGSEND = YES;
				GCC_C_LANGUAGE_STANDARD = gnu11;
				GCC_NO_COMMON_BLOCKS = YES;
				GCC_WARN_64_TO_32_BIT_CONVERSION = YES;
				GCC_WARN_ABOUT_RETURN_TYPE = YES_ERROR;
				GCC_WARN_UNDECLARED_SELECTOR = YES;
				GCC_WARN_UNINITIALIZED_AUTOS = YES_AGGRESSIVE;
				GCC_WARN_UNUSED_FUNCTION = YES;
				GCC_WARN_UNUSED_VARIABLE = YES;
				IPHONEOS_DEPLOYMENT_TARGET = 15.5;
				MTL_ENABLE_DEBUG_INFO = NO;
				MTL_FAST_MATH = YES;
				SDKROOT = iphoneos;
				SWIFT_COMPILATION_MODE = wholemodule;
				SWIFT_OPTIMIZATION_LEVEL = "-O";
				VALIDATE_PRODUCT = YES;
			};
			name = Release;
		};
		63828660283CBCD3009F920B /* Debug */ = {
			isa = XCBuildConfiguration;
			buildSettings = {
				ASSETCATALOG_COMPILER_APPICON_NAME = AppIcon;
				ASSETCATALOG_COMPILER_GLOBAL_ACCENT_COLOR_NAME = AccentColor;
				CODE_SIGN_STYLE = Automatic;
				CURRENT_PROJECT_VERSION = 1;
				DEVELOPMENT_ASSET_PATHS = "\"MoviesApp/Preview Content\"";
				DEVELOPMENT_TEAM = 666BAPS643;
				ENABLE_PREVIEWS = YES;
				GENERATE_INFOPLIST_FILE = YES;
				INFOPLIST_KEY_UIApplicationSceneManifest_Generation = YES;
				INFOPLIST_KEY_UIApplicationSupportsIndirectInputEvents = YES;
				INFOPLIST_KEY_UILaunchScreen_Generation = YES;
				INFOPLIST_KEY_UISupportedInterfaceOrientations_iPad = "UIInterfaceOrientationPortrait UIInterfaceOrientationPortraitUpsideDown UIInterfaceOrientationLandscapeLeft UIInterfaceOrientationLandscapeRight";
				INFOPLIST_KEY_UISupportedInterfaceOrientations_iPhone = "UIInterfaceOrientationPortrait UIInterfaceOrientationLandscapeLeft UIInterfaceOrientationLandscapeRight";
				LD_RUNPATH_SEARCH_PATHS = (
					"$(inherited)",
					"@executable_path/Frameworks",
				);
				MARKETING_VERSION = 1.0;
				PRODUCT_BUNDLE_IDENTIFIER = abuMutair.com.MoviesApp;
				PRODUCT_NAME = "$(TARGET_NAME)";
				SWIFT_EMIT_LOC_STRINGS = YES;
				SWIFT_VERSION = 5.0;
				TARGETED_DEVICE_FAMILY = "1,2";
			};
			name = Debug;
		};
		63828661283CBCD3009F920B /* Release */ = {
			isa = XCBuildConfiguration;
			buildSettings = {
				ASSETCATALOG_COMPILER_APPICON_NAME = AppIcon;
				ASSETCATALOG_COMPILER_GLOBAL_ACCENT_COLOR_NAME = AccentColor;
				CODE_SIGN_STYLE = Automatic;
				CURRENT_PROJECT_VERSION = 1;
				DEVELOPMENT_ASSET_PATHS = "\"MoviesApp/Preview Content\"";
				DEVELOPMENT_TEAM = 666BAPS643;
				ENABLE_PREVIEWS = YES;
				GENERATE_INFOPLIST_FILE = YES;
				INFOPLIST_KEY_UIApplicationSceneManifest_Generation = YES;
				INFOPLIST_KEY_UIApplicationSupportsIndirectInputEvents = YES;
				INFOPLIST_KEY_UILaunchScreen_Generation = YES;
				INFOPLIST_KEY_UISupportedInterfaceOrientations_iPad = "UIInterfaceOrientationPortrait UIInterfaceOrientationPortraitUpsideDown UIInterfaceOrientationLandscapeLeft UIInterfaceOrientationLandscapeRight";
				INFOPLIST_KEY_UISupportedInterfaceOrientations_iPhone = "UIInterfaceOrientationPortrait UIInterfaceOrientationLandscapeLeft UIInterfaceOrientationLandscapeRight";
				LD_RUNPATH_SEARCH_PATHS = (
					"$(inherited)",
					"@executable_path/Frameworks",
				);
				MARKETING_VERSION = 1.0;
				PRODUCT_BUNDLE_IDENTIFIER = abuMutair.com.MoviesApp;
				PRODUCT_NAME = "$(TARGET_NAME)";
				SWIFT_EMIT_LOC_STRINGS = YES;
				SWIFT_VERSION = 5.0;
				TARGETED_DEVICE_FAMILY = "1,2";
			};
			name = Release;
		};
/* End XCBuildConfiguration section */

/* Begin XCConfigurationList section */
		6382864C283CBCD1009F920B /* Build configuration list for PBXProject "MoviesApp" */ = {
			isa = XCConfigurationList;
			buildConfigurations = (
				6382865D283CBCD3009F920B /* Debug */,
				6382865E283CBCD3009F920B /* Release */,
			);
			defaultConfigurationIsVisible = 0;
			defaultConfigurationName = Release;
		};
		6382865F283CBCD3009F920B /* Build configuration list for PBXNativeTarget "MoviesApp" */ = {
			isa = XCConfigurationList;
			buildConfigurations = (
				63828660283CBCD3009F920B /* Debug */,
				63828661283CBCD3009F920B /* Release */,
			);
			defaultConfigurationIsVisible = 0;
			defaultConfigurationName = Release;
		};
/* End XCConfigurationList section */
	};
	rootObject = 63828649283CBCD1009F920B /* Project object */;
}
